
Microsoft Visual Studio Solution File, Format Version 12.00
# Visual Studio Version 17
VisualStudioVersion = 17.14.36511.14 d17.14
MinimumVisualStudioVersion = 10.0.40219.1
Project("{FAE04EC0-301F-11D3-BF4B-00C04F79EFBC}") = "Server", "Server\Server.csproj", "{A8F31822-2FE3-41A4-9778-1B75070A0A53}"
EndProject
Project("{FAE04EC0-301F-11D3-BF4B-00C04F79EFBC}") = "ServerCore", "ServerCore\ServerCore.csproj", "{9714EEB5-E980-4EBD-93A2-7290A09130A0}"
EndProject
Project("{FAE04EC0-301F-11D3-BF4B-00C04F79EFBC}") = "DummyClient", "DummyClient\DummyClient.csproj", "{9EAEE597-92B3-4903-819F-463ACB4BF3A5}"
EndProject
Global
	GlobalSection(SolutionConfigurationPlatforms) = preSolution
		Debug|Any CPU = Debug|Any CPU
		Release|Any CPU = Release|Any CPU
	EndGlobalSection
	GlobalSection(ProjectConfigurationPlatforms) = postSolution
		{A8F31822-2FE3-41A4-9778-1B75070A0A53}.Debug|Any CPU.ActiveCfg = Debug|Any CPU
		{A8F31822-2FE3-41A4-9778-1B75070A0A53}.Debug|Any CPU.Build.0 = Debug|Any CPU
		{A8F31822-2FE3-41A4-9778-1B75070A0A53}.Release|Any CPU.ActiveCfg = Release|Any CPU
		{A8F31822-2FE3-41A4-9778-1B75070A0A53}.Release|Any CPU.Build.0 = Release|Any CPU
		{9714EEB5-E980-4EBD-93A2-7290A09130A0}.Debug|Any CPU.ActiveCfg = Debug|Any CPU
		{9714EEB5-E980-4EBD-93A2-7290A09130A0}.Debug|Any CPU.Build.0 = Debug|Any CPU
		{9714EEB5-E980-4EBD-93A2-7290A09130A0}.Release|Any CPU.ActiveCfg = Release|Any CPU
		{9714EEB5-E980-4EBD-93A2-7290A09130A0}.Release|Any CPU.Build.0 = Release|Any CPU
		{9EAEE597-92B3-4903-819F-463ACB4BF3A5}.Debug|Any CPU.ActiveCfg = Debug|Any CPU
		{9EAEE597-92B3-4903-819F-463ACB4BF3A5}.Debug|Any CPU.Build.0 = Debug|Any CPU
		{9EAEE597-92B3-4903-819F-463ACB4BF3A5}.Release|Any CPU.ActiveCfg = Release|Any CPU
		{9EAEE597-92B3-4903-819F-463ACB4BF3A5}.Release|Any CPU.Build.0 = Release|Any CPU
	EndGlobalSection
	GlobalSection(SolutionProperties) = preSolution
		HideSolutionNode = FALSE
	EndGlobalSection
	GlobalSection(ExtensibilityGlobals) = postSolution
		SolutionGuid = {9BED9BA2-4613-4AA3-A8D1-F9966772A900}
	EndGlobalSection
EndGlobal
